<?xml version="1.0" encoding="utf-8"?>
<Project ToolsVersion="4.0" xmlns="http://schemas.microsoft.com/developer/msbuild/2003">
  <ItemGroup>
    <Filter Include="Source Files">
      <UniqueIdentifier>{4FC737F1-C7A5-4376-A066-2A32D752A2FF}</UniqueIdentifier>
      <Extensions>cpp;c;cc;cxx;def;odl;idl;hpj;bat;asm;asmx</Extensions>
    </Filter>
    <Filter Include="Source Files\Application">
      <UniqueIdentifier>{3260fb0f-8ed7-4bcb-a507-dcbd768197c5}</UniqueIdentifier>
    </Filter>
    <Filter Include="Source Files\Modules">
      <UniqueIdentifier>{d16ab9db-9938-4f11-8105-beb05718b15a}</UniqueIdentifier>
    </Filter>
    <Filter Include="Source Files\Utils">
      <UniqueIdentifier>{f2908f2d-9354-4a4d-89bd-382e70ece47b}</UniqueIdentifier>
    </Filter>
    <Filter Include="Source Files\Entities">
      <UniqueIdentifier>{ab9009c6-e7a7-45bf-99f5-1902c61d79d5}</UniqueIdentifier>
    </Filter>
    <Filter Include="Source Files\Modules\ModulePlayer">
      <UniqueIdentifier>{ea48c354-8c2a-47d0-83a2-ed37c7c65bac}</UniqueIdentifier>
    </Filter>
    <Filter Include="Source Files\Modules\ModuleWindow">
      <UniqueIdentifier>{22bd15d0-aaf5-4a76-8026-d2c98cf8b648}</UniqueIdentifier>
    </Filter>
    <Filter Include="Source Files\Modules\ModuleInput">
      <UniqueIdentifier>{a4809918-a4b0-4888-98d6-3e7a73100285}</UniqueIdentifier>
    </Filter>
    <Filter Include="Source Files\Modules\ModuleParticles">
      <UniqueIdentifier>{cd931db6-7137-4e06-b25c-f0e1981e1941}</UniqueIdentifier>
    </Filter>
    <Filter Include="Source Files\Modules\ModuleRender">
      <UniqueIdentifier>{e5b9318c-4948-41e3-a151-99738348ef5b}</UniqueIdentifier>
    </Filter>
    <Filter Include="Source Files\Modules\ModuleScene">
      <UniqueIdentifier>{dad1205b-ec3d-40f3-81d5-6a2bb9983f48}</UniqueIdentifier>
    </Filter>
    <Filter Include="Source Files\Modules\ModuleTextures">
      <UniqueIdentifier>{b6bd7fd6-7f4a-4d4d-8371-4465e3f8c508}</UniqueIdentifier>
    </Filter>
    <Filter Include="Source Files\Modules\ModuleCollisions">
      <UniqueIdentifier>{67e02ad1-af55-4032-aee3-353fd4d174f0}</UniqueIdentifier>
    </Filter>
  </ItemGroup>
  <ItemGroup>
    <ClInclude Include="Module.h">
      <Filter>Source Files\Modules</Filter>
    </ClInclude>
    <ClInclude Include="Application.h">
      <Filter>Source Files\Application</Filter>
    </ClInclude>
    <ClInclude Include="Globals.h">
      <Filter>Source Files\Application</Filter>
    </ClInclude>
    <ClInclude Include="MemLeaks.h">
      <Filter>Source Files\Application</Filter>
    </ClInclude>
    <ClInclude Include="Animation.h">
      <Filter>Source Files\Utils</Filter>
    </ClInclude>
    <ClInclude Include="p2Point.h">
      <Filter>Source Files\Utils</Filter>
    </ClInclude>
    <ClInclude Include="Particle.h">
      <Filter>Source Files\Entities</Filter>
    </ClInclude>
    <ClInclude Include="ModulePlayer_Gun.h">
      <Filter>Source Files\Modules\ModulePlayer</Filter>
    </ClInclude>
    <ClInclude Include="ModulePlayer_Legs.h">
      <Filter>Source Files\Modules\ModulePlayer</Filter>
    </ClInclude>
    <ClInclude Include="ModuleWindow.h">
      <Filter>Source Files\Modules\ModuleWindow</Filter>
    </ClInclude>
    <ClInclude Include="ModuleInput.h">
      <Filter>Source Files\Modules\ModuleInput</Filter>
    </ClInclude>
    <ClInclude Include="ModuleParticles.h">
      <Filter>Source Files\Modules\ModuleParticles</Filter>
    </ClInclude>
    <ClInclude Include="ModuleRender.h">
      <Filter>Source Files\Modules\ModuleRender</Filter>
    </ClInclude>
    <ClInclude Include="ModuleScene.h">
      <Filter>Source Files\Modules\ModuleScene</Filter>
    </ClInclude>
    <ClInclude Include="ModuleTextures.h">
      <Filter>Source Files\Modules\ModuleTextures</Filter>
    </ClInclude>
    <ClInclude Include="ModuleCollisions.h">
      <Filter>Source Files\Modules\ModuleCollisions</Filter>
    </ClInclude>
    <ClInclude Include="Collider.h">
      <Filter>Source Files\Utils</Filter>
    </ClInclude>
  </ItemGroup>
  <ItemGroup>
    <ClCompile Include="Module.cpp">
      <Filter>Source Files\Modules</Filter>
    </ClCompile>
    <ClCompile Include="Application.cpp">
      <Filter>Source Files\Application</Filter>
    </ClCompile>
    <ClCompile Include="Main.cpp">
      <Filter>Source Files\Application</Filter>
    </ClCompile>
    <ClCompile Include="Globals.cpp">
      <Filter>Source Files\Application</Filter>
    </ClCompile>
    <ClCompile Include="Particle.cpp">
      <Filter>Source Files\Entities</Filter>
    </ClCompile>
    <ClCompile Include="ModulePlayer_Gun.cpp">
      <Filter>Source Files\Modules\ModulePlayer</Filter>
    </ClCompile>
    <ClCompile Include="ModulePlayer_Legs.cpp">
      <Filter>Source Files\Modules\ModulePlayer</Filter>
    </ClCompile>
    <ClCompile Include="ModuleWindow.cpp">
      <Filter>Source Files\Modules\ModuleWindow</Filter>
    </ClCompile>
    <ClCompile Include="ModuleInput.cpp">
      <Filter>Source Files\Modules\ModuleInput</Filter>
    </ClCompile>
    <ClCompile Include="ModuleParticles.cpp">
      <Filter>Source Files\Modules\ModuleParticles</Filter>
    </ClCompile>
    <ClCompile Include="ModuleRender.cpp">
      <Filter>Source Files\Modules\ModuleRender</Filter>
    </ClCompile>
    <ClCompile Include="ModuleScene.cpp">
      <Filter>Source Files\Modules\ModuleScene</Filter>
    </ClCompile>
    <ClCompile Include="ModuleTextures.cpp">
      <Filter>Source Files\Modules\ModuleTextures</Filter>
    </ClCompile>
    <ClCompile Include="ModuleCollisions.cpp">
      <Filter>Source Files\Modules\ModuleCollisions</Filter>
    </ClCompile>
    <ClCompile Include="Collider.cpp">
      <Filter>Source Files\Utils</Filter>
    </ClCompile>
  </ItemGroup>
</Project>